
Microsoft Visual Studio Solution File, Format Version 12.00
# Visual Studio 15
VisualStudioVersion = 15.0.27004.2002
MinimumVisualStudioVersion = 10.0.40219.1
Project("{FAE04EC0-301F-11D3-BF4B-00C04F79EFBC}") = "BooksStock.API", "BooksStock.API\BooksStock.API.csproj", "{1E3D2024-C133-4FA6-8267-0AF7D9458D38}"
EndProject
Project("{FAE04EC0-301F-11D3-BF4B-00C04F79EFBC}") = "BooksStock.API.Tests", "BooksStock.API.Tests\BooksStock.API.Tests.csproj", "{E8C5D950-7BE1-4304-9611-909DBA63FC5C}"
EndProject
Global
	GlobalSection(SolutionConfigurationPlatforms) = preSolution
		Debug|Any CPU = Debug|Any CPU
		Release|Any CPU = Release|Any CPU
	EndGlobalSection
	GlobalSection(ProjectConfigurationPlatforms) = postSolution
		{1E3D2024-C133-4FA6-8267-0AF7D9458D38}.Debug|Any CPU.ActiveCfg = Debug|Any CPU
		{1E3D2024-C133-4FA6-8267-0AF7D9458D38}.Debug|Any CPU.Build.0 = Debug|Any CPU
		{1E3D2024-C133-4FA6-8267-0AF7D9458D38}.Release|Any CPU.ActiveCfg = Release|Any CPU
		{1E3D2024-C133-4FA6-8267-0AF7D9458D38}.Release|Any CPU.Build.0 = Release|Any CPU
		{E8C5D950-7BE1-4304-9611-909DBA63FC5C}.Debug|Any CPU.ActiveCfg = Debug|Any CPU
		{E8C5D950-7BE1-4304-9611-909DBA63FC5C}.Debug|Any CPU.Build.0 = Debug|Any CPU
		{E8C5D950-7BE1-4304-9611-909DBA63FC5C}.Release|Any CPU.ActiveCfg = Release|Any CPU
		{E8C5D950-7BE1-4304-9611-909DBA63FC5C}.Release|Any CPU.Build.0 = Release|Any CPU
	EndGlobalSection
	GlobalSection(SolutionProperties) = preSolution
		HideSolutionNode = FALSE
	EndGlobalSection
	GlobalSection(ExtensibilityGlobals) = postSolution
		SolutionGuid = {735E7691-CE75-42D9-8E40-87157AA88A2B}
	EndGlobalSection
EndGlobal
